<?xml version="1.0" encoding="utf-8"?>
<Project ToolsVersion="4.0" xmlns="http://schemas.microsoft.com/developer/msbuild/2003">
  <ItemGroup>
    <ClCompile Include="framebuffer.cpp" />
    <ClCompile Include="gui.cxx" />
    <ClCompile Include="scene.cpp" />
    <ClCompile Include="pong.cpp" />
    <ClCompile Include="V3.cpp" />
    <ClCompile Include="M33.cpp" />
    <ClCompile Include="ppc.cpp" />
    <ClCompile Include="TM.cpp" />
    <ClCompile Include="shadow_map.cpp" />
    <ClCompile Include="cube_map.cpp" />
    <ClCompile Include="hw_framebuffer.cpp" />
  </ItemGroup>
  <ItemGroup>
    <ClInclude Include="framebuffer.h" />
    <ClInclude Include="gui.h" />
    <ClInclude Include="scene.h" />
    <ClInclude Include="pong.h" />
    <ClInclude Include="v3.h" />
    <ClInclude Include="m33.h" />
    <ClInclude Include="ppc.h" />
    <ClInclude Include="tm.h" />
    <ClInclude Include="shadow_map.h" />
    <ClInclude Include="cube_map.h" />
    <ClInclude Include="hw_framebuffer.h" />
  </ItemGroup>
  <ItemGroup>
    <Filter Include="CG">
      <UniqueIdentifier>{71ebc64a-8b64-4d1f-b1e1-cbe11537af28}</UniqueIdentifier>
    </Filter>
  </ItemGroup>
  <ItemGroup>
    <None Include="CG\shaderOne.cg">
      <Filter>CG</Filter>
    </None>
    <None Include="hw" />
  </ItemGroup>
</Project>